
Microsoft Visual Studio Solution File, Format Version 12.00
Project("{2150E333-8FDC-42A3-9474-1A3956D46DE8}") = "src", "src", "{BED2B98A-3BB8-418C-8ABF-30ACB341235B}"
EndProject
Project("{FAE04EC0-301F-11D3-BF4B-00C04F79EFBC}") = "Services", "src\Services\Services.csproj", "{0CA1F690-2F22-4574-AA15-C8959BBED269}"
EndProject
Project("{2150E333-8FDC-42A3-9474-1A3956D46DE8}") = "Web", "Web", "{A9384334-B19F-45D4-9FF5-1E547C55475B}"
EndProject
Project("{FAE04EC0-301F-11D3-BF4B-00C04F79EFBC}") = "Web.Api", "src\Web.Api\Web.Api.csproj", "{20CB7B37-1D43-43E0-B29E-C406C7C5C631}"
EndProject
Project("{2150E333-8FDC-42A3-9474-1A3956D46DE8}") = "test", "test", "{67FA0228-114B-4C78-84C4-25FA8A0FFEA9}"
EndProject
Project("{FAE04EC0-301F-11D3-BF4B-00C04F79EFBC}") = "UnitTest", "test\UnitTest\UnitTest.csproj", "{85C90BFB-8846-4611-86F6-E33566BD34F2}"
EndProject
Project("{2150E333-8FDC-42A3-9474-1A3956D46DE8}") = "sln", "sln", "{046429AD-59D6-4C6A-A1AC-9E8486B0067A}"
	ProjectSection(SolutionItems) = preProject
		Directory.Build.props = Directory.Build.props
		Directory.Packages.props = Directory.Packages.props
	EndProjectSection
EndProject
Global
	GlobalSection(SolutionConfigurationPlatforms) = preSolution
		Debug|Any CPU = Debug|Any CPU
		Release|Any CPU = Release|Any CPU
	EndGlobalSection
	GlobalSection(NestedProjects) = preSolution
		{0CA1F690-2F22-4574-AA15-C8959BBED269} = {BED2B98A-3BB8-418C-8ABF-30ACB341235B}
		{85C90BFB-8846-4611-86F6-E33566BD34F2} = {67FA0228-114B-4C78-84C4-25FA8A0FFEA9}
		{A9384334-B19F-45D4-9FF5-1E547C55475B} = {BED2B98A-3BB8-418C-8ABF-30ACB341235B}
		{20CB7B37-1D43-43E0-B29E-C406C7C5C631} = {A9384334-B19F-45D4-9FF5-1E547C55475B}
	EndGlobalSection
	GlobalSection(ProjectConfigurationPlatforms) = postSolution
		{0CA1F690-2F22-4574-AA15-C8959BBED269}.Debug|Any CPU.ActiveCfg = Debug|Any CPU
		{0CA1F690-2F22-4574-AA15-C8959BBED269}.Debug|Any CPU.Build.0 = Debug|Any CPU
		{0CA1F690-2F22-4574-AA15-C8959BBED269}.Release|Any CPU.ActiveCfg = Release|Any CPU
		{0CA1F690-2F22-4574-AA15-C8959BBED269}.Release|Any CPU.Build.0 = Release|Any CPU
		{85C90BFB-8846-4611-86F6-E33566BD34F2}.Debug|Any CPU.ActiveCfg = Debug|Any CPU
		{85C90BFB-8846-4611-86F6-E33566BD34F2}.Debug|Any CPU.Build.0 = Debug|Any CPU
		{85C90BFB-8846-4611-86F6-E33566BD34F2}.Release|Any CPU.ActiveCfg = Release|Any CPU
		{85C90BFB-8846-4611-86F6-E33566BD34F2}.Release|Any CPU.Build.0 = Release|Any CPU
		{20CB7B37-1D43-43E0-B29E-C406C7C5C631}.Debug|Any CPU.ActiveCfg = Debug|Any CPU
		{20CB7B37-1D43-43E0-B29E-C406C7C5C631}.Debug|Any CPU.Build.0 = Debug|Any CPU
		{20CB7B37-1D43-43E0-B29E-C406C7C5C631}.Release|Any CPU.ActiveCfg = Release|Any CPU
		{20CB7B37-1D43-43E0-B29E-C406C7C5C631}.Release|Any CPU.Build.0 = Release|Any CPU
	EndGlobalSection
EndGlobal
